// !$*UTF8*$!
{
	archiveVersion = 1;
	classes = {
	};
	objectVersion = 46;
	objects = {

/* Begin PBXBuildFile section */
		4C0BE4A01C5A7445004ADCA7 /* SearchResultsController.swift in Sources */ = {isa = PBXBuildFile; fileRef = 4C0BE49F1C5A7445004ADCA7 /* SearchResultsController.swift */; };
		4CFEFD151C57D780000E41AF /* AppDelegate.swift in Sources */ = {isa = PBXBuildFile; fileRef = 4CFEFD141C57D780000E41AF /* AppDelegate.swift */; };
		4CFEFD171C57D780000E41AF /* ViewController.swift in Sources */ = {isa = PBXBuildFile; fileRef = 4CFEFD161C57D780000E41AF /* ViewController.swift */; };
		4CFEFD1A1C57D780000E41AF /* Main.storyboard in Resources */ = {isa = PBXBuildFile; fileRef = 4CFEFD181C57D780000E41AF /* Main.storyboard */; };
		4CFEFD1C1C57D780000E41AF /* Assets.xcassets in Resources */ = {isa = PBXBuildFile; fileRef = 4CFEFD1B1C57D780000E41AF /* Assets.xcassets */; };
		4CFEFD1F1C57D780000E41AF /* LaunchScreen.storyboard in Resources */ = {isa = PBXBuildFile; fileRef = 4CFEFD1D1C57D780000E41AF /* LaunchScreen.storyboard */; };
		4CFEFD271C57DA46000E41AF /* qwordswithoutu1.plist in Resources */ = {isa = PBXBuildFile; fileRef = 4CFEFD261C57DA46000E41AF /* qwordswithoutu1.plist */; };
		4CFEFD291C57E633000E41AF /* qwordswithoutu2.plist in Resources */ = {isa = PBXBuildFile; fileRef = 4CFEFD281C57E633000E41AF /* qwordswithoutu2.plist */; };
/* End PBXBuildFile section */

/* Begin PBXFileReference section */
		4C0BE49F1C5A7445004ADCA7 /* SearchResultsController.swift */ = {isa = PBXFileReference; fileEncoding = 4; lastKnownFileType = sourcecode.swift; path = SearchResultsController.swift; sourceTree = "<group>"; };
		4CFEFD111C57D780000E41AF /* ScrabbleQ.app */ = {isa = PBXFileReference; explicitFileType = wrapper.application; includeInIndex = 0; path = ScrabbleQ.app; sourceTree = BUILT_PRODUCTS_DIR; };
		4CFEFD141C57D780000E41AF /* AppDelegate.swift */ = {isa = PBXFileReference; lastKnownFileType = sourcecode.swift; path = AppDelegate.swift; sourceTree = "<group>"; };
		4CFEFD161C57D780000E41AF /* ViewController.swift */ = {isa = PBXFileReference; lastKnownFileType = sourcecode.swift; path = ViewController.swift; sourceTree = "<group>"; };
		4CFEFD191C57D780000E41AF /* Base */ = {isa = PBXFileReference; lastKnownFileType = file.storyboard; name = Base; path = Base.lproj/Main.storyboard; sourceTree = "<group>"; };
		4CFEFD1B1C57D780000E41AF /* Assets.xcassets */ = {isa = PBXFileReference; lastKnownFileType = folder.assetcatalog; path = Assets.xcassets; sourceTree = "<group>"; };
		4CFEFD1E1C57D780000E41AF /* Base */ = {isa = PBXFileReference; lastKnownFileType = file.storyboard; name = Base; path = Base.lproj/LaunchScreen.storyboard; sourceTree = "<group>"; };
		4CFEFD201C57D780000E41AF /* Info.plist */ = {isa = PBXFileReference; lastKnownFileType = text.plist.xml; path = Info.plist; sourceTree = "<group>"; };
		4CFEFD261C57DA46000E41AF /* qwordswithoutu1.plist */ = {isa = PBXFileReference; fileEncoding = 4; lastKnownFileType = text.plist.xml; path = qwordswithoutu1.plist; sourceTree = "<group>"; };
		4CFEFD281C57E633000E41AF /* qwordswithoutu2.plist */ = {isa = PBXFileReference; fileEncoding = 4; lastKnownFileType = text.plist.xml; path = qwordswithoutu2.plist; sourceTree = "<group>"; };
/* End PBXFileReference section */

/* Begin PBXFrameworksBuildPhase section */
		4CFEFD0E1C57D780000E41AF /* Frameworks */ = {
			isa = PBXFrameworksBuildPhase;
			buildActionMask = 2147483647;
			files = (
			);
			runOnlyForDeploymentPostprocessing = 0;
		};
/* End PBXFrameworksBuildPhase section */

/* Begin PBXGroup section */
		4CFEFD081C57D780000E41AF = {
			isa = PBXGroup;
			children = (
				4CFEFD131C57D780000E41AF /* ScrabbleQ */,
				4CFEFD121C57D780000E41AF /* Products */,
			);
			sourceTree = "<group>";
		};
		4CFEFD121C57D780000E41AF /* Products */ = {
			isa = PBXGroup;
			children = (
				4CFEFD111C57D780000E41AF /* ScrabbleQ.app */,
			);
			name = Products;
			sourceTree = "<group>";
		};
		4CFEFD131C57D780000E41AF /* ScrabbleQ */ = {
			isa = PBXGroup;
			children = (
				4CFEFD141C57D780000E41AF /* AppDelegate.swift */,
				4CFEFD161C57D780000E41AF /* ViewController.swift */,
				4C0BE49F1C5A7445004ADCA7 /* SearchResultsController.swift */,
				4CFEFD181C57D780000E41AF /* Main.storyboard */,
				4CFEFD1B1C57D780000E41AF /* Assets.xcassets */,
				4CFEFD1D1C57D780000E41AF /* LaunchScreen.storyboard */,
				4CFEFD261C57DA46000E41AF /* qwordswithoutu1.plist */,
				4CFEFD281C57E633000E41AF /* qwordswithoutu2.plist */,
				4CFEFD201C57D780000E41AF /* Info.plist */,
			);
			path = ScrabbleQ;
			sourceTree = "<group>";
		};
/* End PBXGroup section */

/* Begin PBXNativeTarget section */
		4CFEFD101C57D780000E41AF /* ScrabbleQ */ = {
			isa = PBXNativeTarget;
			buildConfigurationList = 4CFEFD231C57D780000E41AF /* Build configuration list for PBXNativeTarget "ScrabbleQ" */;
			buildPhases = (
				4CFEFD0D1C57D780000E41AF /* Sources */,
				4CFEFD0E1C57D780000E41AF /* Frameworks */,
				4CFEFD0F1C57D780000E41AF /* Resources */,
			);
			buildRules = (
			);
			dependencies = (
			);
			name = ScrabbleQ;
			productName = ScrabbleQ;
			productReference = 4CFEFD111C57D780000E41AF /* ScrabbleQ.app */;
			productType = "com.apple.product-type.application";
		};
/* End PBXNativeTarget section */

/* Begin PBXProject section */
		4CFEFD091C57D780000E41AF /* Project object */ = {
			isa = PBXProject;
			attributes = {
				LastSwiftUpdateCheck = 0720;
				LastUpgradeCheck = 0720;
				ORGANIZATIONNAME = "Michael Montella";
				TargetAttributes = {
					4CFEFD101C57D780000E41AF = {
						CreatedOnToolsVersion = 7.2;
					};
				};
			};
			buildConfigurationList = 4CFEFD0C1C57D780000E41AF /* Build configuration list for PBXProject "ScrabbleQ" */;
			compatibilityVersion = "Xcode 3.2";
			developmentRegion = English;
			hasScannedForEncodings = 0;
			knownRegions = (
				en,
				Base,
			);
			mainGroup = 4CFEFD081C57D780000E41AF;
			productRefGroup = 4CFEFD121C57D780000E41AF /* Products */;
			projectDirPath = "";
			projectRoot = "";
			targets = (
				4CFEFD101C57D780000E41AF /* ScrabbleQ */,
			);
		};
/* End PBXProject section */

/* Begin PBXResourcesBuildPhase section */
		4CFEFD0F1C57D780000E41AF /* Resources */ = {
			isa = PBXResourcesBuildPhase;
			buildActionMask = 2147483647;
			files = (
				4CFEFD291C57E633000E41AF /* qwordswithoutu2.plist in Resources */,
				4CFEFD1F1C57D780000E41AF /* LaunchScreen.storyboard in Resources */,
				4CFEFD271C57DA46000E41AF /* qwordswithoutu1.plist in Resources */,
				4CFEFD1C1C57D780000E41AF /* Assets.xcassets in Resources */,
				4CFEFD1A1C57D780000E41AF /* Main.storyboard in Resources */,
			);
			runOnlyForDeploymentPostprocessing = 0;
		};
/* End PBXResourcesBuildPhase section */

/* Begin PBXSourcesBuildPhase section */
		4CFEFD0D1C57D780000E41AF /* Sources */ = {
			isa = PBXSourcesBuildPhase;
			buildActionMask = 2147483647;
			files = (
				4CFEFD171C57D780000E41AF /* ViewController.swift in Sources */,
				4C0BE4A01C5A7445004ADCA7 /* SearchResultsController.swift in Sources */,
				4CFEFD151C57D780000E41AF /* AppDelegate.swift in Sources */,
			);
			runOnlyForDeploymentPostprocessing = 0;
		};
/* End PBXSourcesBuildPhase section */

/* Begin PBXVariantGroup section */
		4CFEFD181C57D780000E41AF /* Main.storyboard */ = {
			isa = PBXVariantGroup;
			children = (
				4CFEFD191C57D780000E41AF /* Base */,
			);
			name = Main.storyboard;
			sourceTree = "<group>";
		};
		4CFEFD1D1C57D780000E41AF /* LaunchScreen.storyboard */ = {
			isa = PBXVariantGroup;
			children = (
				4CFEFD1E1C57D780000E41AF /* Base */,
			);
			name = LaunchScreen.storyboard;
			sourceTree = "<group>";
		};
/* End PBXVariantGroup section */

/* Begin XCBuildConfiguration section */
		4CFEFD211C57D780000E41AF /* Debug */ = {
			isa = XCBuildConfiguration;
			buildSettings = {
				ALWAYS_SEARCH_USER_PATHS = NO;
				CLANG_CXX_LANGUAGE_STANDARD = "gnu++0x";
				CLANG_CXX_LIBRARY = "libc++";
				CLANG_ENABLE_MODULES = YES;
				CLANG_ENABLE_OBJC_ARC = YES;
				CLANG_WARN_BOOL_CONVERSION = YES;
				CLANG_WARN_CONSTANT_CONVERSION = YES;
				CLANG_WARN_DIRECT_OBJC_ISA_USAGE = YES_ERROR;
				CLANG_WARN_EMPTY_BODY = YES;
				CLANG_WARN_ENUM_CONVERSION = YES;
				CLANG_WARN_INT_CONVERSION = YES;
				CLANG_WARN_OBJC_ROOT_CLASS = YES_ERROR;
				CLANG_WARN_UNREACHABLE_CODE = YES;
				CLANG_WARN__DUPLICATE_METHOD_MATCH = YES;
				"CODE_SIGN_IDENTITY[sdk=iphoneos*]" = "iPhone Developer";
				COPY_PHASE_STRIP = NO;
				DEBUG_INFORMATION_FORMAT = dwarf;
				ENABLE_STRICT_OBJC_MSGSEND = YES;
				ENABLE_TESTABILITY = YES;
				GCC_C_LANGUAGE_STANDARD = gnu99;
				GCC_DYNAMIC_NO_PIC = NO;
				GCC_NO_COMMON_BLOCKS = YES;
				GCC_OPTIMIZATION_LEVEL = 0;
				GCC_PREPROCESSOR_DEFINITIONS = (
					"DEBUG=1",
					"$(inherited)",
				);
				GCC_WARN_64_TO_32_BIT_CONVERSION = YES;
				GCC_WARN_ABOUT_RETURN_TYPE = YES_ERROR;
				GCC_WARN_UNDECLARED_SELECTOR = YES;
				GCC_WARN_UNINITIALIZED_AUTOS = YES_AGGRESSIVE;
				GCC_WARN_UNUSED_FUNCTION = YES;
				GCC_WARN_UNUSED_VARIABLE = YES;
				IPHONEOS_DEPLOYMENT_TARGET = 9.2;
				MTL_ENABLE_DEBUG_INFO = YES;
				ONLY_ACTIVE_ARCH = YES;
				SDKROOT = iphoneos;
				SWIFT_OPTIMIZATION_LEVEL = "-Onone";
			};
			name = Debug;
		};
		4CFEFD221C57D780000E41AF /* Release */ = {
			isa = XCBuildConfiguration;
			buildSettings = {
				ALWAYS_SEARCH_USER_PATHS = NO;
				CLANG_CXX_LANGUAGE_STANDARD = "gnu++0x";
				CLANG_CXX_LIBRARY = "libc++";
				CLANG_ENABLE_MODULES = YES;
				CLANG_ENABLE_OBJC_ARC = YES;
				CLANG_WARN_BOOL_CONVERSION = YES;
				CLANG_WARN_CONSTANT_CONVERSION = YES;
				CLANG_WARN_DIRECT_OBJC_ISA_USAGE = YES_ERROR;
				CLANG_WARN_EMPTY_BODY = YES;
				CLANG_WARN_ENUM_CONVERSION = YES;
				CLANG_WARN_INT_CONVERSION = YES;
				CLANG_WARN_OBJC_ROOT_CLASS = YES_ERROR;
				CLANG_WARN_UNREACHABLE_CODE = YES;
				CLANG_WARN__DUPLICATE_METHOD_MATCH = YES;
				"CODE_SIGN_IDENTITY[sdk=iphoneos*]" = "iPhone Developer";
				COPY_PHASE_STRIP = NO;
				DEBUG_INFORMATION_FORMAT = "dwarf-with-dsym";
				ENABLE_NS_ASSERTIONS = NO;
				ENABLE_STRICT_OBJC_MSGSEND = YES;
				GCC_C_LANGUAGE_STANDARD = gnu99;
				GCC_NO_COMMON_BLOCKS = YES;
				GCC_WARN_64_TO_32_BIT_CONVERSION = YES;
				GCC_WARN_ABOUT_RETURN_TYPE = YES_ERROR;
				GCC_WARN_UNDECLARED_SELECTOR = YES;
				GCC_WARN_UNINITIALIZED_AUTOS = YES_AGGRESSIVE;
				GCC_WARN_UNUSED_FUNCTION = YES;
				GCC_WARN_UNUSED_VARIABLE = YES;
				IPHONEOS_DEPLOYMENT_TARGET = 9.2;
				MTL_ENABLE_DEBUG_INFO = NO;
				SDKROOT = iphoneos;
				VALIDATE_PRODUCT = YES;
			};
			name = Release;
		};
		4CFEFD241C57D780000E41AF /* Debug */ = {
			isa = XCBuildConfiguration;
			buildSettings = {
				ASSETCATALOG_COMPILER_APPICON_NAME = AppIcon;
				INFOPLIST_FILE = ScrabbleQ/Info.plist;
				LD_RUNPATH_SEARCH_PATHS = "$(inherited) @executable_path/Frameworks";
				PRODUCT_BUNDLE_IDENTIFIER = com.MichaelMontella.ScrabbleQ;
				PRODUCT_NAME = "$(TARGET_NAME)";
			};
			name = Debug;
		};
		4CFEFD251C57D780000E41AF /* Release */ = {
			isa = XCBuildConfiguration;
			buildSettings = {
				ASSETCATALOG_COMPILER_APPICON_NAME = AppIcon;
				INFOPLIST_FILE = ScrabbleQ/Info.plist;
				LD_RUNPATH_SEARCH_PATHS = "$(inherited) @executable_path/Frameworks";
				PRODUCT_BUNDLE_IDENTIFIER = com.MichaelMontella.ScrabbleQ;
				PRODUCT_NAME = "$(TARGET_NAME)";
			};
			name = Release;
		};
/* End XCBuildConfiguration section */

/* Begin XCConfigurationList section */
		4CFEFD0C1C57D780000E41AF /* Build configuration list for PBXProject "ScrabbleQ" */ = {
			isa = XCConfigurationList;
			buildConfigurations = (
				4CFEFD211C57D780000E41AF /* Debug */,
				4CFEFD221C57D780000E41AF /* Release */,
			);
			defaultConfigurationIsVisible = 0;
			defaultConfigurationName = Release;
		};
		4CFEFD231C57D780000E41AF /* Build configuration list for PBXNativeTarget "ScrabbleQ" */ = {
			isa = XCConfigurationList;
			buildConfigurations = (
				4CFEFD241C57D780000E41AF /* Debug */,
				4CFEFD251C57D780000E41AF /* Release */,
			);
			defaultConfigurationIsVisible = 0;
			defaultConfigurationName = Release;
		};
/* End XCConfigurationList section */
	};
	rootObject = 4CFEFD091C57D780000E41AF /* Project object */;
}
