// !$*UTF8*$!
{
	archiveVersion = 1;
	classes = {
	};
	objectVersion = 46;
	objects = {

/* Begin PBXBuildFile section */
		4C64EB1E1C7F70950046E945 /* Assets.xcassets in Resources */ = {isa = PBXBuildFile; fileRef = 4C64EB1D1C7F70950046E945 /* Assets.xcassets */; };
		4C977E8D1C7CC2220083E1E0 /* AppDelegate.swift in Sources */ = {isa = PBXBuildFile; fileRef = 4C977E8C1C7CC2220083E1E0 /* AppDelegate.swift */; };
		4C977E921C7CC2220083E1E0 /* Main.storyboard in Resources */ = {isa = PBXBuildFile; fileRef = 4C977E901C7CC2220083E1E0 /* Main.storyboard */; };
		4C977E971C7CC2220083E1E0 /* LaunchScreen.storyboard in Resources */ = {isa = PBXBuildFile; fileRef = 4C977E951C7CC2220083E1E0 /* LaunchScreen.storyboard */; };
		4C977E9F1C7CC3560083E1E0 /* ToDoTableViewController.swift in Sources */ = {isa = PBXBuildFile; fileRef = 4C977E9E1C7CC3560083E1E0 /* ToDoTableViewController.swift */; };
		4C977EA11C7CC3AB0083E1E0 /* ItemViewController.swift in Sources */ = {isa = PBXBuildFile; fileRef = 4C977EA01C7CC3AB0083E1E0 /* ItemViewController.swift */; };
		4C977EA31C7CC98A0083E1E0 /* ToDoItem.swift in Sources */ = {isa = PBXBuildFile; fileRef = 4C977EA21C7CC98A0083E1E0 /* ToDoItem.swift */; };
/* End PBXBuildFile section */

/* Begin PBXFileReference section */
		4C64EB1D1C7F70950046E945 /* Assets.xcassets */ = {isa = PBXFileReference; lastKnownFileType = folder.assetcatalog; path = Assets.xcassets; sourceTree = "<group>"; };
		4C977E891C7CC2220083E1E0 /* To Do.app */ = {isa = PBXFileReference; explicitFileType = wrapper.application; includeInIndex = 0; path = "To Do.app"; sourceTree = BUILT_PRODUCTS_DIR; };
		4C977E8C1C7CC2220083E1E0 /* AppDelegate.swift */ = {isa = PBXFileReference; lastKnownFileType = sourcecode.swift; path = AppDelegate.swift; sourceTree = "<group>"; };
		4C977E911C7CC2220083E1E0 /* Base */ = {isa = PBXFileReference; lastKnownFileType = file.storyboard; name = Base; path = Base.lproj/Main.storyboard; sourceTree = "<group>"; };
		4C977E961C7CC2220083E1E0 /* Base */ = {isa = PBXFileReference; lastKnownFileType = file.storyboard; name = Base; path = Base.lproj/LaunchScreen.storyboard; sourceTree = "<group>"; };
		4C977E981C7CC2220083E1E0 /* Info.plist */ = {isa = PBXFileReference; lastKnownFileType = text.plist.xml; path = Info.plist; sourceTree = "<group>"; };
		4C977E9E1C7CC3560083E1E0 /* ToDoTableViewController.swift */ = {isa = PBXFileReference; fileEncoding = 4; lastKnownFileType = sourcecode.swift; name = ToDoTableViewController.swift; path = ../ToDoTableViewController.swift; sourceTree = "<group>"; };
		4C977EA01C7CC3AB0083E1E0 /* ItemViewController.swift */ = {isa = PBXFileReference; fileEncoding = 4; lastKnownFileType = sourcecode.swift; path = ItemViewController.swift; sourceTree = "<group>"; };
		4C977EA21C7CC98A0083E1E0 /* ToDoItem.swift */ = {isa = PBXFileReference; fileEncoding = 4; lastKnownFileType = sourcecode.swift; path = ToDoItem.swift; sourceTree = "<group>"; };
/* End PBXFileReference section */

/* Begin PBXFrameworksBuildPhase section */
		4C977E861C7CC2220083E1E0 /* Frameworks */ = {
			isa = PBXFrameworksBuildPhase;
			buildActionMask = 2147483647;
			files = (
			);
			runOnlyForDeploymentPostprocessing = 0;
		};
/* End PBXFrameworksBuildPhase section */

/* Begin PBXGroup section */
		4C977E801C7CC2220083E1E0 = {
			isa = PBXGroup;
			children = (
				4C977E8B1C7CC2220083E1E0 /* To Do */,
				4C977E8A1C7CC2220083E1E0 /* Products */,
			);
			sourceTree = "<group>";
		};
		4C977E8A1C7CC2220083E1E0 /* Products */ = {
			isa = PBXGroup;
			children = (
				4C977E891C7CC2220083E1E0 /* To Do.app */,
			);
			name = Products;
			sourceTree = "<group>";
		};
		4C977E8B1C7CC2220083E1E0 /* To Do */ = {
			isa = PBXGroup;
			children = (
				4C977E8C1C7CC2220083E1E0 /* AppDelegate.swift */,
				4C977E9E1C7CC3560083E1E0 /* ToDoTableViewController.swift */,
				4C977EA01C7CC3AB0083E1E0 /* ItemViewController.swift */,
				4C977EA21C7CC98A0083E1E0 /* ToDoItem.swift */,
				4C64EB1D1C7F70950046E945 /* Assets.xcassets */,
				4C977E901C7CC2220083E1E0 /* Main.storyboard */,
				4C977E951C7CC2220083E1E0 /* LaunchScreen.storyboard */,
				4C977E981C7CC2220083E1E0 /* Info.plist */,
			);
			path = "To Do";
			sourceTree = "<group>";
		};
/* End PBXGroup section */

/* Begin PBXNativeTarget section */
		4C977E881C7CC2220083E1E0 /* To Do */ = {
			isa = PBXNativeTarget;
			buildConfigurationList = 4C977E9B1C7CC2220083E1E0 /* Build configuration list for PBXNativeTarget "To Do" */;
			buildPhases = (
				4C977E851C7CC2220083E1E0 /* Sources */,
				4C977E861C7CC2220083E1E0 /* Frameworks */,
				4C977E871C7CC2220083E1E0 /* Resources */,
			);
			buildRules = (
			);
			dependencies = (
			);
			name = "To Do";
			productName = "To Do";
			productReference = 4C977E891C7CC2220083E1E0 /* To Do.app */;
			productType = "com.apple.product-type.application";
		};
/* End PBXNativeTarget section */

/* Begin PBXProject section */
		4C977E811C7CC2220083E1E0 /* Project object */ = {
			isa = PBXProject;
			attributes = {
				LastSwiftUpdateCheck = 0720;
				LastUpgradeCheck = 0720;
				ORGANIZATIONNAME = "Michael Montella";
				TargetAttributes = {
					4C977E881C7CC2220083E1E0 = {
						CreatedOnToolsVersion = 7.2.1;
					};
				};
			};
			buildConfigurationList = 4C977E841C7CC2220083E1E0 /* Build configuration list for PBXProject "To Do" */;
			compatibilityVersion = "Xcode 3.2";
			developmentRegion = English;
			hasScannedForEncodings = 0;
			knownRegions = (
				en,
				Base,
			);
			mainGroup = 4C977E801C7CC2220083E1E0;
			productRefGroup = 4C977E8A1C7CC2220083E1E0 /* Products */;
			projectDirPath = "";
			projectRoot = "";
			targets = (
				4C977E881C7CC2220083E1E0 /* To Do */,
			);
		};
/* End PBXProject section */

/* Begin PBXResourcesBuildPhase section */
		4C977E871C7CC2220083E1E0 /* Resources */ = {
			isa = PBXResourcesBuildPhase;
			buildActionMask = 2147483647;
			files = (
				4C977E971C7CC2220083E1E0 /* LaunchScreen.storyboard in Resources */,
				4C64EB1E1C7F70950046E945 /* Assets.xcassets in Resources */,
				4C977E921C7CC2220083E1E0 /* Main.storyboard in Resources */,
			);
			runOnlyForDeploymentPostprocessing = 0;
		};
/* End PBXResourcesBuildPhase section */

/* Begin PBXSourcesBuildPhase section */
		4C977E851C7CC2220083E1E0 /* Sources */ = {
			isa = PBXSourcesBuildPhase;
			buildActionMask = 2147483647;
			files = (
				4C977E8D1C7CC2220083E1E0 /* AppDelegate.swift in Sources */,
				4C977E9F1C7CC3560083E1E0 /* ToDoTableViewController.swift in Sources */,
				4C977EA31C7CC98A0083E1E0 /* ToDoItem.swift in Sources */,
				4C977EA11C7CC3AB0083E1E0 /* ItemViewController.swift in Sources */,
			);
			runOnlyForDeploymentPostprocessing = 0;
		};
/* End PBXSourcesBuildPhase section */

/* Begin PBXVariantGroup section */
		4C977E901C7CC2220083E1E0 /* Main.storyboard */ = {
			isa = PBXVariantGroup;
			children = (
				4C977E911C7CC2220083E1E0 /* Base */,
			);
			name = Main.storyboard;
			sourceTree = "<group>";
		};
		4C977E951C7CC2220083E1E0 /* LaunchScreen.storyboard */ = {
			isa = PBXVariantGroup;
			children = (
				4C977E961C7CC2220083E1E0 /* Base */,
			);
			name = LaunchScreen.storyboard;
			sourceTree = "<group>";
		};
/* End PBXVariantGroup section */

/* Begin XCBuildConfiguration section */
		4C977E991C7CC2220083E1E0 /* Debug */ = {
			isa = XCBuildConfiguration;
			buildSettings = {
				ALWAYS_SEARCH_USER_PATHS = NO;
				CLANG_CXX_LANGUAGE_STANDARD = "gnu++0x";
				CLANG_CXX_LIBRARY = "libc++";
				CLANG_ENABLE_MODULES = YES;
				CLANG_ENABLE_OBJC_ARC = YES;
				CLANG_WARN_BOOL_CONVERSION = YES;
				CLANG_WARN_CONSTANT_CONVERSION = YES;
				CLANG_WARN_DIRECT_OBJC_ISA_USAGE = YES_ERROR;
				CLANG_WARN_EMPTY_BODY = YES;
				CLANG_WARN_ENUM_CONVERSION = YES;
				CLANG_WARN_INT_CONVERSION = YES;
				CLANG_WARN_OBJC_ROOT_CLASS = YES_ERROR;
				CLANG_WARN_UNREACHABLE_CODE = YES;
				CLANG_WARN__DUPLICATE_METHOD_MATCH = YES;
				"CODE_SIGN_IDENTITY[sdk=iphoneos*]" = "iPhone Developer";
				COPY_PHASE_STRIP = NO;
				DEBUG_INFORMATION_FORMAT = dwarf;
				ENABLE_STRICT_OBJC_MSGSEND = YES;
				ENABLE_TESTABILITY = YES;
				GCC_C_LANGUAGE_STANDARD = gnu99;
				GCC_DYNAMIC_NO_PIC = NO;
				GCC_NO_COMMON_BLOCKS = YES;
				GCC_OPTIMIZATION_LEVEL = 0;
				GCC_PREPROCESSOR_DEFINITIONS = (
					"DEBUG=1",
					"$(inherited)",
				);
				GCC_WARN_64_TO_32_BIT_CONVERSION = YES;
				GCC_WARN_ABOUT_RETURN_TYPE = YES_ERROR;
				GCC_WARN_UNDECLARED_SELECTOR = YES;
				GCC_WARN_UNINITIALIZED_AUTOS = YES_AGGRESSIVE;
				GCC_WARN_UNUSED_FUNCTION = YES;
				GCC_WARN_UNUSED_VARIABLE = YES;
				IPHONEOS_DEPLOYMENT_TARGET = 9.2;
				MTL_ENABLE_DEBUG_INFO = YES;
				ONLY_ACTIVE_ARCH = YES;
				SDKROOT = iphoneos;
				SWIFT_OPTIMIZATION_LEVEL = "-Onone";
			};
			name = Debug;
		};
		4C977E9A1C7CC2220083E1E0 /* Release */ = {
			isa = XCBuildConfiguration;
			buildSettings = {
				ALWAYS_SEARCH_USER_PATHS = NO;
				CLANG_CXX_LANGUAGE_STANDARD = "gnu++0x";
				CLANG_CXX_LIBRARY = "libc++";
				CLANG_ENABLE_MODULES = YES;
				CLANG_ENABLE_OBJC_ARC = YES;
				CLANG_WARN_BOOL_CONVERSION = YES;
				CLANG_WARN_CONSTANT_CONVERSION = YES;
				CLANG_WARN_DIRECT_OBJC_ISA_USAGE = YES_ERROR;
				CLANG_WARN_EMPTY_BODY = YES;
				CLANG_WARN_ENUM_CONVERSION = YES;
				CLANG_WARN_INT_CONVERSION = YES;
				CLANG_WARN_OBJC_ROOT_CLASS = YES_ERROR;
				CLANG_WARN_UNREACHABLE_CODE = YES;
				CLANG_WARN__DUPLICATE_METHOD_MATCH = YES;
				"CODE_SIGN_IDENTITY[sdk=iphoneos*]" = "iPhone Developer";
				COPY_PHASE_STRIP = NO;
				DEBUG_INFORMATION_FORMAT = "dwarf-with-dsym";
				ENABLE_NS_ASSERTIONS = NO;
				ENABLE_STRICT_OBJC_MSGSEND = YES;
				GCC_C_LANGUAGE_STANDARD = gnu99;
				GCC_NO_COMMON_BLOCKS = YES;
				GCC_WARN_64_TO_32_BIT_CONVERSION = YES;
				GCC_WARN_ABOUT_RETURN_TYPE = YES_ERROR;
				GCC_WARN_UNDECLARED_SELECTOR = YES;
				GCC_WARN_UNINITIALIZED_AUTOS = YES_AGGRESSIVE;
				GCC_WARN_UNUSED_FUNCTION = YES;
				GCC_WARN_UNUSED_VARIABLE = YES;
				IPHONEOS_DEPLOYMENT_TARGET = 9.2;
				MTL_ENABLE_DEBUG_INFO = NO;
				SDKROOT = iphoneos;
				VALIDATE_PRODUCT = YES;
			};
			name = Release;
		};
		4C977E9C1C7CC2220083E1E0 /* Debug */ = {
			isa = XCBuildConfiguration;
			buildSettings = {
				ASSETCATALOG_COMPILER_APPICON_NAME = AppIcon;
				INFOPLIST_FILE = "To Do/Info.plist";
				LD_RUNPATH_SEARCH_PATHS = "$(inherited) @executable_path/Frameworks";
				PRODUCT_BUNDLE_IDENTIFIER = "com.MichaelMontella.To-Do";
				PRODUCT_NAME = "$(TARGET_NAME)";
			};
			name = Debug;
		};
		4C977E9D1C7CC2220083E1E0 /* Release */ = {
			isa = XCBuildConfiguration;
			buildSettings = {
				ASSETCATALOG_COMPILER_APPICON_NAME = AppIcon;
				INFOPLIST_FILE = "To Do/Info.plist";
				LD_RUNPATH_SEARCH_PATHS = "$(inherited) @executable_path/Frameworks";
				PRODUCT_BUNDLE_IDENTIFIER = "com.MichaelMontella.To-Do";
				PRODUCT_NAME = "$(TARGET_NAME)";
			};
			name = Release;
		};
/* End XCBuildConfiguration section */

/* Begin XCConfigurationList section */
		4C977E841C7CC2220083E1E0 /* Build configuration list for PBXProject "To Do" */ = {
			isa = XCConfigurationList;
			buildConfigurations = (
				4C977E991C7CC2220083E1E0 /* Debug */,
				4C977E9A1C7CC2220083E1E0 /* Release */,
			);
			defaultConfigurationIsVisible = 0;
			defaultConfigurationName = Release;
		};
		4C977E9B1C7CC2220083E1E0 /* Build configuration list for PBXNativeTarget "To Do" */ = {
			isa = XCConfigurationList;
			buildConfigurations = (
				4C977E9C1C7CC2220083E1E0 /* Debug */,
				4C977E9D1C7CC2220083E1E0 /* Release */,
			);
			defaultConfigurationIsVisible = 0;
			defaultConfigurationName = Release;
		};
/* End XCConfigurationList section */
	};
	rootObject = 4C977E811C7CC2220083E1E0 /* Project object */;
}
